PODS:
  - LBTAComponents (1.0.2)
  - TinyConstraints (4.0.1)

DEPENDENCIES:
  - LBTAComponents
  - TinyConstraints (= 4.0.1)

SPEC REPOS:
  https://github.com/CocoaPods/Specs.git:
    - LBTAComponents
  trunk:
    - TinyConstraints

SPEC CHECKSUMS:
  LBTAComponents: c4c8863e0ef6715e378300db148b96a09df656f7
  TinyConstraints: 8dd91295e56797648c7bc335dd20e1d91ec4c192

PODFILE CHECKSUM: 032aa71827bef3da0e59c887807bcfbcb2587c97

COCOAPODS: 1.10.0.rc.1
