// !$*UTF8*$!
{
	archiveVersion = 1;
	classes = {
	};
	objectVersion = 48;
	objects = {

/* Begin PBXBuildFile section */
		5FE77EDA12F71E4D74DAEF1D /* Pods_GameOfThronesFactsApp.framework in Frameworks */ = {isa = PBXBuildFile; fileRef = B7631A1EA0703D3C4B77F4A4 /* Pods_GameOfThronesFactsApp.framework */; };
		D7281064213545C700139341 /* CharacterCell.swift in Sources */ = {isa = PBXBuildFile; fileRef = D7281063213545C700139341 /* CharacterCell.swift */; };
		D72810662135466700139341 /* WebsiteDescription.swift in Sources */ = {isa = PBXBuildFile; fileRef = D72810652135466700139341 /* WebsiteDescription.swift */; };
		D72810682135487400139341 /* Character.swift in Sources */ = {isa = PBXBuildFile; fileRef = D72810672135487400139341 /* Character.swift */; };
		D728106A2135491400139341 /* ComplexCharacter.swift in Sources */ = {isa = PBXBuildFile; fileRef = D72810692135491400139341 /* ComplexCharacter.swift */; };
		D728106C213549E800139341 /* FavoriteButton.swift in Sources */ = {isa = PBXBuildFile; fileRef = D728106B213549E800139341 /* FavoriteButton.swift */; };
		D73D036D2124A89900BCC9F5 /* AppDelegate.swift in Sources */ = {isa = PBXBuildFile; fileRef = D73D036C2124A89900BCC9F5 /* AppDelegate.swift */; };
		D73D036F2124A89900BCC9F5 /* MainViewController.swift in Sources */ = {isa = PBXBuildFile; fileRef = D73D036E2124A89900BCC9F5 /* MainViewController.swift */; };
		D73D03742124A89900BCC9F5 /* Assets.xcassets in Resources */ = {isa = PBXBuildFile; fileRef = D73D03732124A89900BCC9F5 /* Assets.xcassets */; };
		D73D037F2129563200BCC9F5 /* DetailViewController.swift in Sources */ = {isa = PBXBuildFile; fileRef = D73D037E2129563200BCC9F5 /* DetailViewController.swift */; };
/* End PBXBuildFile section */

/* Begin PBXFileReference section */
		B7631A1EA0703D3C4B77F4A4 /* Pods_GameOfThronesFactsApp.framework */ = {isa = PBXFileReference; explicitFileType = wrapper.framework; includeInIndex = 0; path = Pods_GameOfThronesFactsApp.framework; sourceTree = BUILT_PRODUCTS_DIR; };
		D282856D9877D53A9DFBBCB4 /* Pods-GameOfThronesFactsApp.release.xcconfig */ = {isa = PBXFileReference; includeInIndex = 1; lastKnownFileType = text.xcconfig; name = "Pods-GameOfThronesFactsApp.release.xcconfig"; path = "Pods/Target Support Files/Pods-GameOfThronesFactsApp/Pods-GameOfThronesFactsApp.release.xcconfig"; sourceTree = "<group>"; };
		D7281063213545C700139341 /* CharacterCell.swift */ = {isa = PBXFileReference; lastKnownFileType = sourcecode.swift; path = CharacterCell.swift; sourceTree = "<group>"; };
		D72810652135466700139341 /* WebsiteDescription.swift */ = {isa = PBXFileReference; lastKnownFileType = sourcecode.swift; path = WebsiteDescription.swift; sourceTree = "<group>"; };
		D72810672135487400139341 /* Character.swift */ = {isa = PBXFileReference; lastKnownFileType = sourcecode.swift; path = Character.swift; sourceTree = "<group>"; };
		D72810692135491400139341 /* ComplexCharacter.swift */ = {isa = PBXFileReference; lastKnownFileType = sourcecode.swift; path = ComplexCharacter.swift; sourceTree = "<group>"; };
		D728106B213549E800139341 /* FavoriteButton.swift */ = {isa = PBXFileReference; lastKnownFileType = sourcecode.swift; path = FavoriteButton.swift; sourceTree = "<group>"; };
		D73D03692124A89900BCC9F5 /* GameOfThronesFactsApp.app */ = {isa = PBXFileReference; explicitFileType = wrapper.application; includeInIndex = 0; path = GameOfThronesFactsApp.app; sourceTree = BUILT_PRODUCTS_DIR; };
		D73D036C2124A89900BCC9F5 /* AppDelegate.swift */ = {isa = PBXFileReference; lastKnownFileType = sourcecode.swift; path = AppDelegate.swift; sourceTree = "<group>"; };
		D73D036E2124A89900BCC9F5 /* MainViewController.swift */ = {isa = PBXFileReference; lastKnownFileType = sourcecode.swift; path = MainViewController.swift; sourceTree = "<group>"; };
		D73D03732124A89900BCC9F5 /* Assets.xcassets */ = {isa = PBXFileReference; lastKnownFileType = folder.assetcatalog; path = Assets.xcassets; sourceTree = "<group>"; };
		D73D03782124A89900BCC9F5 /* Info.plist */ = {isa = PBXFileReference; lastKnownFileType = text.plist.xml; path = Info.plist; sourceTree = "<group>"; };
		D73D037E2129563200BCC9F5 /* DetailViewController.swift */ = {isa = PBXFileReference; lastKnownFileType = sourcecode.swift; path = DetailViewController.swift; sourceTree = "<group>"; };
		F30F959C5CCE198392CB0FDA /* Pods-GameOfThronesFactsApp.debug.xcconfig */ = {isa = PBXFileReference; includeInIndex = 1; lastKnownFileType = text.xcconfig; name = "Pods-GameOfThronesFactsApp.debug.xcconfig"; path = "Pods/Target Support Files/Pods-GameOfThronesFactsApp/Pods-GameOfThronesFactsApp.debug.xcconfig"; sourceTree = "<group>"; };
/* End PBXFileReference section */

/* Begin PBXFrameworksBuildPhase section */
		D73D03662124A89900BCC9F5 /* Frameworks */ = {
			isa = PBXFrameworksBuildPhase;
			buildActionMask = 2147483647;
			files = (
				5FE77EDA12F71E4D74DAEF1D /* Pods_GameOfThronesFactsApp.framework in Frameworks */,
			);
			runOnlyForDeploymentPostprocessing = 0;
		};
/* End PBXFrameworksBuildPhase section */

/* Begin PBXGroup section */
		6995A45BF64A88129F408098 /* Frameworks */ = {
			isa = PBXGroup;
			children = (
				B7631A1EA0703D3C4B77F4A4 /* Pods_GameOfThronesFactsApp.framework */,
			);
			name = Frameworks;
			sourceTree = "<group>";
		};
		D72810602135454600139341 /* Model */ = {
			isa = PBXGroup;
			children = (
				D72810652135466700139341 /* WebsiteDescription.swift */,
				D72810672135487400139341 /* Character.swift */,
				D72810692135491400139341 /* ComplexCharacter.swift */,
				D728106B213549E800139341 /* FavoriteButton.swift */,
			);
			path = Model;
			sourceTree = "<group>";
		};
		D72810612135455700139341 /* View */ = {
			isa = PBXGroup;
			children = (
				D7281063213545C700139341 /* CharacterCell.swift */,
			);
			path = View;
			sourceTree = "<group>";
		};
		D72810622135455D00139341 /* Controller */ = {
			isa = PBXGroup;
			children = (
				D73D036E2124A89900BCC9F5 /* MainViewController.swift */,
				D73D037E2129563200BCC9F5 /* DetailViewController.swift */,
			);
			path = Controller;
			sourceTree = "<group>";
		};
		D73D03602124A89900BCC9F5 = {
			isa = PBXGroup;
			children = (
				D73D036B2124A89900BCC9F5 /* GameOfThronesFactsApp */,
				D73D036A2124A89900BCC9F5 /* Products */,
				DD69CD3239B67C06A2A7CD8E /* Pods */,
				6995A45BF64A88129F408098 /* Frameworks */,
			);
			sourceTree = "<group>";
		};
		D73D036A2124A89900BCC9F5 /* Products */ = {
			isa = PBXGroup;
			children = (
				D73D03692124A89900BCC9F5 /* GameOfThronesFactsApp.app */,
			);
			name = Products;
			sourceTree = "<group>";
		};
		D73D036B2124A89900BCC9F5 /* GameOfThronesFactsApp */ = {
			isa = PBXGroup;
			children = (
				D73D036C2124A89900BCC9F5 /* AppDelegate.swift */,
				D72810622135455D00139341 /* Controller */,
				D72810612135455700139341 /* View */,
				D72810602135454600139341 /* Model */,
				D73D03732124A89900BCC9F5 /* Assets.xcassets */,
				D73D03782124A89900BCC9F5 /* Info.plist */,
			);
			path = GameOfThronesFactsApp;
			sourceTree = "<group>";
		};
		DD69CD3239B67C06A2A7CD8E /* Pods */ = {
			isa = PBXGroup;
			children = (
				F30F959C5CCE198392CB0FDA /* Pods-GameOfThronesFactsApp.debug.xcconfig */,
				D282856D9877D53A9DFBBCB4 /* Pods-GameOfThronesFactsApp.release.xcconfig */,
			);
			name = Pods;
			sourceTree = "<group>";
		};
/* End PBXGroup section */

/* Begin PBXNativeTarget section */
		D73D03682124A89900BCC9F5 /* GameOfThronesFactsApp */ = {
			isa = PBXNativeTarget;
			buildConfigurationList = D73D037B2124A89900BCC9F5 /* Build configuration list for PBXNativeTarget "GameOfThronesFactsApp" */;
			buildPhases = (
				D01F3F1F60D8EC4D2A4ED9E7 /* [CP] Check Pods Manifest.lock */,
				D73D03652124A89900BCC9F5 /* Sources */,
				D73D03662124A89900BCC9F5 /* Frameworks */,
				D73D03672124A89900BCC9F5 /* Resources */,
				74DF904AA402B456DB0AAB96 /* [CP] Embed Pods Frameworks */,
			);
			buildRules = (
			);
			dependencies = (
			);
			name = GameOfThronesFactsApp;
			productName = GameOfThronesFactsApp;
			productReference = D73D03692124A89900BCC9F5 /* GameOfThronesFactsApp.app */;
			productType = "com.apple.product-type.application";
		};
/* End PBXNativeTarget section */

/* Begin PBXProject section */
		D73D03612124A89900BCC9F5 /* Project object */ = {
			isa = PBXProject;
			attributes = {
				LastSwiftUpdateCheck = 0920;
				LastUpgradeCheck = 0920;
				ORGANIZATIONNAME = "Kamil Gacek";
				TargetAttributes = {
					D73D03682124A89900BCC9F5 = {
						CreatedOnToolsVersion = 9.2;
						ProvisioningStyle = Automatic;
					};
				};
			};
			buildConfigurationList = D73D03642124A89900BCC9F5 /* Build configuration list for PBXProject "GameOfThronesFactsApp" */;
			compatibilityVersion = "Xcode 8.0";
			developmentRegion = en;
			hasScannedForEncodings = 0;
			knownRegions = (
				en,
				Base,
			);
			mainGroup = D73D03602124A89900BCC9F5;
			productRefGroup = D73D036A2124A89900BCC9F5 /* Products */;
			projectDirPath = "";
			projectRoot = "";
			targets = (
				D73D03682124A89900BCC9F5 /* GameOfThronesFactsApp */,
			);
		};
/* End PBXProject section */

/* Begin PBXResourcesBuildPhase section */
		D73D03672124A89900BCC9F5 /* Resources */ = {
			isa = PBXResourcesBuildPhase;
			buildActionMask = 2147483647;
			files = (
				D73D03742124A89900BCC9F5 /* Assets.xcassets in Resources */,
			);
			runOnlyForDeploymentPostprocessing = 0;
		};
/* End PBXResourcesBuildPhase section */

/* Begin PBXShellScriptBuildPhase section */
		74DF904AA402B456DB0AAB96 /* [CP] Embed Pods Frameworks */ = {
			isa = PBXShellScriptBuildPhase;
			buildActionMask = 2147483647;
			files = (
			);
			inputPaths = (
				"${SRCROOT}/Pods/Target Support Files/Pods-GameOfThronesFactsApp/Pods-GameOfThronesFactsApp-frameworks.sh",
				"${BUILT_PRODUCTS_DIR}/LBTAComponents/LBTAComponents.framework",
			);
			name = "[CP] Embed Pods Frameworks";
			outputPaths = (
				"${TARGET_BUILD_DIR}/${FRAMEWORKS_FOLDER_PATH}/LBTAComponents.framework",
			);
			runOnlyForDeploymentPostprocessing = 0;
			shellPath = /bin/sh;
			shellScript = "\"${SRCROOT}/Pods/Target Support Files/Pods-GameOfThronesFactsApp/Pods-GameOfThronesFactsApp-frameworks.sh\"\n";
			showEnvVarsInLog = 0;
		};
		D01F3F1F60D8EC4D2A4ED9E7 /* [CP] Check Pods Manifest.lock */ = {
			isa = PBXShellScriptBuildPhase;
			buildActionMask = 2147483647;
			files = (
			);
			inputPaths = (
				"${PODS_PODFILE_DIR_PATH}/Podfile.lock",
				"${PODS_ROOT}/Manifest.lock",
			);
			name = "[CP] Check Pods Manifest.lock";
			outputPaths = (
				"$(DERIVED_FILE_DIR)/Pods-GameOfThronesFactsApp-checkManifestLockResult.txt",
			);
			runOnlyForDeploymentPostprocessing = 0;
			shellPath = /bin/sh;
			shellScript = "diff \"${PODS_PODFILE_DIR_PATH}/Podfile.lock\" \"${PODS_ROOT}/Manifest.lock\" > /dev/null\nif [ $? != 0 ] ; then\n    # print error to STDERR\n    echo \"error: The sandbox is not in sync with the Podfile.lock. Run 'pod install' or update your CocoaPods installation.\" >&2\n    exit 1\nfi\n# This output is used by Xcode 'outputs' to avoid re-running this script phase.\necho \"SUCCESS\" > \"${SCRIPT_OUTPUT_FILE_0}\"\n";
			showEnvVarsInLog = 0;
		};
/* End PBXShellScriptBuildPhase section */

/* Begin PBXSourcesBuildPhase section */
		D73D03652124A89900BCC9F5 /* Sources */ = {
			isa = PBXSourcesBuildPhase;
			buildActionMask = 2147483647;
			files = (
				D72810662135466700139341 /* WebsiteDescription.swift in Sources */,
				D73D037F2129563200BCC9F5 /* DetailViewController.swift in Sources */,
				D728106A2135491400139341 /* ComplexCharacter.swift in Sources */,
				D728106C213549E800139341 /* FavoriteButton.swift in Sources */,
				D73D036F2124A89900BCC9F5 /* MainViewController.swift in Sources */,
				D72810682135487400139341 /* Character.swift in Sources */,
				D73D036D2124A89900BCC9F5 /* AppDelegate.swift in Sources */,
				D7281064213545C700139341 /* CharacterCell.swift in Sources */,
			);
			runOnlyForDeploymentPostprocessing = 0;
		};
/* End PBXSourcesBuildPhase section */

/* Begin XCBuildConfiguration section */
		D73D03792124A89900BCC9F5 /* Debug */ = {
			isa = XCBuildConfiguration;
			buildSettings = {
				ALWAYS_SEARCH_USER_PATHS = NO;
				CLANG_ANALYZER_NONNULL = YES;
				CLANG_ANALYZER_NUMBER_OBJECT_CONVERSION = YES_AGGRESSIVE;
				CLANG_CXX_LANGUAGE_STANDARD = "gnu++14";
				CLANG_CXX_LIBRARY = "libc++";
				CLANG_ENABLE_MODULES = YES;
				CLANG_ENABLE_OBJC_ARC = YES;
				CLANG_WARN_BLOCK_CAPTURE_AUTORELEASING = YES;
				CLANG_WARN_BOOL_CONVERSION = YES;
				CLANG_WARN_COMMA = YES;
				CLANG_WARN_CONSTANT_CONVERSION = YES;
				CLANG_WARN_DIRECT_OBJC_ISA_USAGE = YES_ERROR;
				CLANG_WARN_DOCUMENTATION_COMMENTS = YES;
				CLANG_WARN_EMPTY_BODY = YES;
				CLANG_WARN_ENUM_CONVERSION = YES;
				CLANG_WARN_INFINITE_RECURSION = YES;
				CLANG_WARN_INT_CONVERSION = YES;
				CLANG_WARN_NON_LITERAL_NULL_CONVERSION = YES;
				CLANG_WARN_OBJC_LITERAL_CONVERSION = YES;
				CLANG_WARN_OBJC_ROOT_CLASS = YES_ERROR;
				CLANG_WARN_RANGE_LOOP_ANALYSIS = YES;
				CLANG_WARN_STRICT_PROTOTYPES = YES;
				CLANG_WARN_SUSPICIOUS_MOVE = YES;
				CLANG_WARN_UNGUARDED_AVAILABILITY = YES_AGGRESSIVE;
				CLANG_WARN_UNREACHABLE_CODE = YES;
				CLANG_WARN__DUPLICATE_METHOD_MATCH = YES;
				CODE_SIGN_IDENTITY = "iPhone Developer";
				COPY_PHASE_STRIP = NO;
				DEBUG_INFORMATION_FORMAT = dwarf;
				ENABLE_STRICT_OBJC_MSGSEND = YES;
				ENABLE_TESTABILITY = YES;
				GCC_C_LANGUAGE_STANDARD = gnu11;
				GCC_DYNAMIC_NO_PIC = NO;
				GCC_NO_COMMON_BLOCKS = YES;
				GCC_OPTIMIZATION_LEVEL = 0;
				GCC_PREPROCESSOR_DEFINITIONS = (
					"DEBUG=1",
					"$(inherited)",
				);
				GCC_WARN_64_TO_32_BIT_CONVERSION = YES;
				GCC_WARN_ABOUT_RETURN_TYPE = YES_ERROR;
				GCC_WARN_UNDECLARED_SELECTOR = YES;
				GCC_WARN_UNINITIALIZED_AUTOS = YES_AGGRESSIVE;
				GCC_WARN_UNUSED_FUNCTION = YES;
				GCC_WARN_UNUSED_VARIABLE = YES;
				IPHONEOS_DEPLOYMENT_TARGET = 11.2;
				MTL_ENABLE_DEBUG_INFO = YES;
				ONLY_ACTIVE_ARCH = YES;
				SDKROOT = iphoneos;
				SWIFT_ACTIVE_COMPILATION_CONDITIONS = DEBUG;
				SWIFT_OPTIMIZATION_LEVEL = "-Onone";
			};
			name = Debug;
		};
		D73D037A2124A89900BCC9F5 /* Release */ = {
			isa = XCBuildConfiguration;
			buildSettings = {
				ALWAYS_SEARCH_USER_PATHS = NO;
				CLANG_ANALYZER_NONNULL = YES;
				CLANG_ANALYZER_NUMBER_OBJECT_CONVERSION = YES_AGGRESSIVE;
				CLANG_CXX_LANGUAGE_STANDARD = "gnu++14";
				CLANG_CXX_LIBRARY = "libc++";
				CLANG_ENABLE_MODULES = YES;
				CLANG_ENABLE_OBJC_ARC = YES;
				CLANG_WARN_BLOCK_CAPTURE_AUTORELEASING = YES;
				CLANG_WARN_BOOL_CONVERSION = YES;
				CLANG_WARN_COMMA = YES;
				CLANG_WARN_CONSTANT_CONVERSION = YES;
				CLANG_WARN_DIRECT_OBJC_ISA_USAGE = YES_ERROR;
				CLANG_WARN_DOCUMENTATION_COMMENTS = YES;
				CLANG_WARN_EMPTY_BODY = YES;
				CLANG_WARN_ENUM_CONVERSION = YES;
				CLANG_WARN_INFINITE_RECURSION = YES;
				CLANG_WARN_INT_CONVERSION = YES;
				CLANG_WARN_NON_LITERAL_NULL_CONVERSION = YES;
				CLANG_WARN_OBJC_LITERAL_CONVERSION = YES;
				CLANG_WARN_OBJC_ROOT_CLASS = YES_ERROR;
				CLANG_WARN_RANGE_LOOP_ANALYSIS = YES;
				CLANG_WARN_STRICT_PROTOTYPES = YES;
				CLANG_WARN_SUSPICIOUS_MOVE = YES;
				CLANG_WARN_UNGUARDED_AVAILABILITY = YES_AGGRESSIVE;
				CLANG_WARN_UNREACHABLE_CODE = YES;
				CLANG_WARN__DUPLICATE_METHOD_MATCH = YES;
				CODE_SIGN_IDENTITY = "iPhone Developer";
				COPY_PHASE_STRIP = NO;
				DEBUG_INFORMATION_FORMAT = "dwarf-with-dsym";
				ENABLE_NS_ASSERTIONS = NO;
				ENABLE_STRICT_OBJC_MSGSEND = YES;
				GCC_C_LANGUAGE_STANDARD = gnu11;
				GCC_NO_COMMON_BLOCKS = YES;
				GCC_WARN_64_TO_32_BIT_CONVERSION = YES;
				GCC_WARN_ABOUT_RETURN_TYPE = YES_ERROR;
				GCC_WARN_UNDECLARED_SELECTOR = YES;
				GCC_WARN_UNINITIALIZED_AUTOS = YES_AGGRESSIVE;
				GCC_WARN_UNUSED_FUNCTION = YES;
				GCC_WARN_UNUSED_VARIABLE = YES;
				IPHONEOS_DEPLOYMENT_TARGET = 11.2;
				MTL_ENABLE_DEBUG_INFO = NO;
				SDKROOT = iphoneos;
				SWIFT_OPTIMIZATION_LEVEL = "-Owholemodule";
				VALIDATE_PRODUCT = YES;
			};
			name = Release;
		};
		D73D037C2124A89900BCC9F5 /* Debug */ = {
			isa = XCBuildConfiguration;
			baseConfigurationReference = F30F959C5CCE198392CB0FDA /* Pods-GameOfThronesFactsApp.debug.xcconfig */;
			buildSettings = {
				ASSETCATALOG_COMPILER_APPICON_NAME = AppIcon;
				CODE_SIGN_STYLE = Automatic;
				INFOPLIST_FILE = GameOfThronesFactsApp/Info.plist;
				IPHONEOS_DEPLOYMENT_TARGET = 10.0;
				LD_RUNPATH_SEARCH_PATHS = "$(inherited) @executable_path/Frameworks";
				PRODUCT_BUNDLE_IDENTIFIER = kamil.GameOfThronesFactsApp;
				PRODUCT_NAME = "$(TARGET_NAME)";
				SWIFT_VERSION = 4.0;
				TARGETED_DEVICE_FAMILY = 1;
			};
			name = Debug;
		};
		D73D037D2124A89900BCC9F5 /* Release */ = {
			isa = XCBuildConfiguration;
			baseConfigurationReference = D282856D9877D53A9DFBBCB4 /* Pods-GameOfThronesFactsApp.release.xcconfig */;
			buildSettings = {
				ASSETCATALOG_COMPILER_APPICON_NAME = AppIcon;
				CODE_SIGN_STYLE = Automatic;
				INFOPLIST_FILE = GameOfThronesFactsApp/Info.plist;
				IPHONEOS_DEPLOYMENT_TARGET = 10.0;
				LD_RUNPATH_SEARCH_PATHS = "$(inherited) @executable_path/Frameworks";
				PRODUCT_BUNDLE_IDENTIFIER = kamil.GameOfThronesFactsApp;
				PRODUCT_NAME = "$(TARGET_NAME)";
				SWIFT_VERSION = 4.0;
				TARGETED_DEVICE_FAMILY = 1;
			};
			name = Release;
		};
/* End XCBuildConfiguration section */

/* Begin XCConfigurationList section */
		D73D03642124A89900BCC9F5 /* Build configuration list for PBXProject "GameOfThronesFactsApp" */ = {
			isa = XCConfigurationList;
			buildConfigurations = (
				D73D03792124A89900BCC9F5 /* Debug */,
				D73D037A2124A89900BCC9F5 /* Release */,
			);
			defaultConfigurationIsVisible = 0;
			defaultConfigurationName = Release;
		};
		D73D037B2124A89900BCC9F5 /* Build configuration list for PBXNativeTarget "GameOfThronesFactsApp" */ = {
			isa = XCConfigurationList;
			buildConfigurations = (
				D73D037C2124A89900BCC9F5 /* Debug */,
				D73D037D2124A89900BCC9F5 /* Release */,
			);
			defaultConfigurationIsVisible = 0;
			defaultConfigurationName = Release;
		};
/* End XCConfigurationList section */
	};
	rootObject = D73D03612124A89900BCC9F5 /* Project object */;
}
